
Microsoft Visual Studio Solution File, Format Version 12.00
Project("{FAE04EC0-301F-11D3-BF4B-00C04F79EFBC}") = "TwoPly", "TwoPly\TwoPly.csproj", "{43772577-D521-4E61-A653-B187C586DFCA}"
EndProject
Project("{FAE04EC0-301F-11D3-BF4B-00C04F79EFBC}") = "TwoPly.Tests", "TwoPly.Tests\TwoPly.Tests.csproj", "{499D8B39-C4AB-4EE6-9FF8-A173D9D8A640}"
EndProject
Global
	GlobalSection(SolutionConfigurationPlatforms) = preSolution
		Debug|Any CPU = Debug|Any CPU
		Debug|x64 = Debug|x64
		Debug|x86 = Debug|x86
		Release|Any CPU = Release|Any CPU
		Release|x64 = Release|x64
		Release|x86 = Release|x86
	EndGlobalSection
	GlobalSection(ProjectConfigurationPlatforms) = postSolution
		{43772577-D521-4E61-A653-B187C586DFCA}.Debug|Any CPU.ActiveCfg = Debug|Any CPU
		{43772577-D521-4E61-A653-B187C586DFCA}.Debug|Any CPU.Build.0 = Debug|Any CPU
		{43772577-D521-4E61-A653-B187C586DFCA}.Debug|x64.ActiveCfg = Debug|Any CPU
		{43772577-D521-4E61-A653-B187C586DFCA}.Debug|x64.Build.0 = Debug|Any CPU
		{43772577-D521-4E61-A653-B187C586DFCA}.Debug|x86.ActiveCfg = Debug|Any CPU
		{43772577-D521-4E61-A653-B187C586DFCA}.Debug|x86.Build.0 = Debug|Any CPU
		{43772577-D521-4E61-A653-B187C586DFCA}.Release|Any CPU.ActiveCfg = Release|Any CPU
		{43772577-D521-4E61-A653-B187C586DFCA}.Release|Any CPU.Build.0 = Release|Any CPU
		{43772577-D521-4E61-A653-B187C586DFCA}.Release|x64.ActiveCfg = Release|Any CPU
		{43772577-D521-4E61-A653-B187C586DFCA}.Release|x64.Build.0 = Release|Any CPU
		{43772577-D521-4E61-A653-B187C586DFCA}.Release|x86.ActiveCfg = Release|Any CPU
		{43772577-D521-4E61-A653-B187C586DFCA}.Release|x86.Build.0 = Release|Any CPU
		{499D8B39-C4AB-4EE6-9FF8-A173D9D8A640}.Debug|Any CPU.ActiveCfg = Debug|Any CPU
		{499D8B39-C4AB-4EE6-9FF8-A173D9D8A640}.Debug|Any CPU.Build.0 = Debug|Any CPU
		{499D8B39-C4AB-4EE6-9FF8-A173D9D8A640}.Debug|x64.ActiveCfg = Debug|Any CPU
		{499D8B39-C4AB-4EE6-9FF8-A173D9D8A640}.Debug|x64.Build.0 = Debug|Any CPU
		{499D8B39-C4AB-4EE6-9FF8-A173D9D8A640}.Debug|x86.ActiveCfg = Debug|Any CPU
		{499D8B39-C4AB-4EE6-9FF8-A173D9D8A640}.Debug|x86.Build.0 = Debug|Any CPU
		{499D8B39-C4AB-4EE6-9FF8-A173D9D8A640}.Release|Any CPU.ActiveCfg = Release|Any CPU
		{499D8B39-C4AB-4EE6-9FF8-A173D9D8A640}.Release|Any CPU.Build.0 = Release|Any CPU
		{499D8B39-C4AB-4EE6-9FF8-A173D9D8A640}.Release|x64.ActiveCfg = Release|Any CPU
		{499D8B39-C4AB-4EE6-9FF8-A173D9D8A640}.Release|x64.Build.0 = Release|Any CPU
		{499D8B39-C4AB-4EE6-9FF8-A173D9D8A640}.Release|x86.ActiveCfg = Release|Any CPU
		{499D8B39-C4AB-4EE6-9FF8-A173D9D8A640}.Release|x86.Build.0 = Release|Any CPU
	EndGlobalSection
	GlobalSection(SolutionProperties) = preSolution
		HideSolutionNode = FALSE
	EndGlobalSection
EndGlobal
